# generated by rye
# use `rye lock` or `rye sync` to update this lockfile
#
# last locked with the following flags:
#   pre: true
#   features: []
#   all-features: false
#   with-sources: false
#   generate-hashes: false
#   universal: false

-e file:.
alabaster==1.0.0
    # via sphinx
altair==5.4.1
    # via jjpred
anyio==4.6.2.post1
    # via httpx
    # via jupyter-server
    # via starlette
    # via watchfiles
anywidget==0.9.13
    # via jjpred
appdirs==1.4.4
    # via shiny
    # via shinylive
argon2-cffi==23.1.0
    # via jupyter-server
argon2-cffi-bindings==21.2.0
    # via argon2-cffi
arro3-core==0.4.2
    # via vegafusion
arrow==1.3.0
    # via isoduration
asgiref==3.8.1
    # via shiny
asttokens==2.4.1
    # via stack-data
async-lru==2.0.4
    # via jupyterlab
attrs==24.2.0
    # via jsonschema
    # via referencing
babel==2.16.0
    # via jupyterlab-server
    # via sphinx
beautifulsoup4==4.13.0b2
    # via nbconvert
bleach==6.2.0
    # via nbconvert
certifi==2024.8.30
    # via httpcore
    # via httpx
    # via requests
cffi==1.17.1
    # via argon2-cffi-bindings
charset-normalizer==3.4.0
    # via requests
chevron==0.14.0
    # via shinylive
click==8.1.7
    # via shiny
    # via shinylive
    # via uvicorn
colorama==0.4.6
    # via click
    # via ipython
    # via sphinx
comm==0.2.2
    # via ipykernel
    # via ipywidgets
debugpy==1.8.8
    # via ipykernel
decorator==5.1.1
    # via ipython
defusedxml==0.8.0rc2
    # via nbconvert
docutils==0.21.2
    # via sphinx
executing==2.1.0
    # via stack-data
faicons==0.2.2
    # via jjpred
fastexcel==0.12.0
    # via jjpred
fastjsonschema==2.20.0
    # via nbformat
fqdn==1.5.1
    # via jsonschema
future==1.0.0
    # via lzstring
h11==0.14.0
    # via httpcore
    # via uvicorn
htmltools==0.6.0
    # via faicons
    # via shiny
httpcore==1.0.7
    # via httpx
httpx==0.27.2
    # via jupyterlab
idna==3.10
    # via anyio
    # via httpx
    # via jsonschema
    # via requests
imagesize==1.4.1
    # via sphinx
ipykernel==6.29.5
    # via jjpred
    # via jupyter
    # via jupyter-console
    # via jupyterlab
    # via quarto
ipython==8.18.0
    # via ipykernel
    # via ipywidgets
    # via jupyter-console
ipywidgets==8.1.5
    # via anywidget
    # via jupyter
    # via shinywidgets
isoduration==20.11.0
    # via jsonschema
jedi==0.19.2
    # via ipython
jinja2==3.1.4
    # via altair
    # via jupyter-server
    # via jupyterlab
    # via jupyterlab-server
    # via nbconvert
    # via sphinx
json5==0.9.28
    # via jupyterlab-server
jsonpointer==3.0.0
    # via jsonschema
jsonschema==4.23.0
    # via altair
    # via jupyter-events
    # via jupyterlab-server
    # via nbformat
jsonschema-specifications==2024.10.1
    # via jsonschema
jupyter==1.1.1
    # via jjpred
jupyter-client==8.6.3
    # via ipykernel
    # via jupyter-console
    # via jupyter-server
    # via nbclient
jupyter-console==6.6.3
    # via jupyter
jupyter-core==5.7.2
    # via ipykernel
    # via jupyter-client
    # via jupyter-console
    # via jupyter-server
    # via jupyterlab
    # via nbclient
    # via nbconvert
    # via nbformat
    # via quarto
    # via shinywidgets
jupyter-events==0.10.0
    # via jupyter-server
jupyter-lsp==2.2.5
    # via jupyterlab
jupyter-server==2.14.2
    # via jupyter-lsp
    # via jupyterlab
    # via jupyterlab-server
    # via notebook
    # via notebook-shim
jupyter-server-terminals==0.5.3
    # via jupyter-server
jupyterlab==4.3.1
    # via jupyter
    # via notebook
jupyterlab-pygments==0.3.0
    # via nbconvert
jupyterlab-server==2.27.3
    # via jupyterlab
    # via notebook
jupyterlab-widgets==3.0.13
    # via ipywidgets
linkify-it-py==2.0.3
    # via shiny
llvmlite==0.43.0
    # via numba
lzstring==1.0.4
    # via shinylive
markdown-it-py==3.0.0
    # via mdit-py-plugins
    # via shiny
markupsafe==3.0.2
    # via jinja2
    # via nbconvert
matplotlib-inline==0.1.7
    # via ipykernel
    # via ipython
mdit-py-plugins==0.4.2
    # via shiny
mdurl==0.1.2
    # via markdown-it-py
mistune==3.0.2
    # via nbconvert
narwhals==1.14.0
    # via altair
    # via shiny
    # via vegafusion
nbclient==0.10.0
    # via nbconvert
    # via quarto
nbconvert==7.16.4
    # via jupyter
    # via jupyter-server
nbformat==5.10.4
    # via jupyter-server
    # via nbclient
    # via nbconvert
    # via quarto
nest-asyncio==1.6.0
    # via ipykernel
notebook==7.3.0rc0
    # via jjpred
    # via jupyter
notebook-shim==0.2.4
    # via jupyterlab
    # via notebook
numba==0.60.0
    # via jjpred
numpy==2.0.2
    # via numba
    # via palmerpenguins
    # via pandas
    # via patsy
    # via ridgeplot
    # via scipy
    # via statsmodels
orjson==3.10.11
    # via shiny
overrides==7.7.0
    # via jupyter-server
packaging==24.2
    # via altair
    # via htmltools
    # via ipykernel
    # via jupyter-server
    # via jupyterlab
    # via jupyterlab-server
    # via nbconvert
    # via plotly
    # via shiny
    # via sphinx
    # via statsmodels
    # via vegafusion
palmerpenguins==0.1.4
    # via jjpred
pandas==2.2.3
    # via palmerpenguins
    # via statsmodels
    # via vega-datasets
pandocfilters==1.5.1
    # via nbconvert
parso==0.8.4
    # via jedi
patsy==1.0.1
    # via statsmodels
platformdirs==4.3.6
    # via jupyter-core
plotly==5.24.1
    # via jjpred
    # via ridgeplot
polars==1.14.0
    # via jjpred
prometheus-client==0.21.0
    # via jupyter-server
prompt-toolkit==3.0.36
    # via ipython
    # via jupyter-console
    # via questionary
    # via shiny
psutil==6.1.0
    # via ipykernel
psygnal==0.11.1
    # via anywidget
pure-eval==0.2.3
    # via stack-data
pyarrow==18.0.0
    # via fastexcel
pycparser==2.22
    # via cffi
pygments==2.18.0
    # via ipython
    # via jupyter-console
    # via nbconvert
    # via sphinx
python-dateutil==2.9.0.post0
    # via arrow
    # via jupyter-client
    # via pandas
    # via shinywidgets
python-json-logger==2.0.7
    # via jupyter-events
python-multipart==0.0.17
    # via shiny
pytz==2024.2
    # via pandas
pywin32==308
    # via jupyter-core
pywinpty==2.0.14
    # via jupyter-server
    # via jupyter-server-terminals
    # via terminado
pyyaml==6.0.2
    # via jupyter-events
    # via quarto
pyzmq==26.2.0
    # via ipykernel
    # via jupyter-client
    # via jupyter-console
    # via jupyter-server
quarto==0.1.0
    # via jjpred
questionary==2.0.1
    # via shiny
referencing==0.35.1
    # via jsonschema
    # via jsonschema-specifications
    # via jupyter-events
requests==2.32.3
    # via jupyterlab-server
    # via sphinx
rfc3339-validator==0.1.4
    # via jsonschema
    # via jupyter-events
rfc3986-validator==0.1.1
    # via jsonschema
    # via jupyter-events
ridgeplot==0.1.30
    # via jjpred
rpds-py==0.21.0
    # via jsonschema
    # via referencing
scipy==1.14.1
    # via jjpred
    # via statsmodels
send2trash==1.8.3
    # via jupyter-server
setuptools==75.5.0
    # via jupyterlab
    # via shiny
    # via shinylive
shiny==1.2.1
    # via jjpred
    # via shinylive
    # via shinywidgets
shinylive==0.7.1
    # via jjpred
shinywidgets==0.3.4
    # via jjpred
six==1.16.0
    # via asttokens
    # via python-dateutil
    # via rfc3339-validator
sniffio==1.3.1
    # via anyio
    # via httpx
snowballstemmer==2.2.0
    # via sphinx
soupsieve==2.6
    # via beautifulsoup4
sphinx==8.1.3
    # via jjpred
sphinxcontrib-applehelp==2.0.0
    # via sphinx
sphinxcontrib-devhelp==2.0.0
    # via sphinx
sphinxcontrib-htmlhelp==2.1.0
    # via sphinx
sphinxcontrib-jsmath==1.0.1
    # via sphinx
sphinxcontrib-qthelp==2.0.0
    # via sphinx
sphinxcontrib-serializinghtml==2.0.0
    # via sphinx
stack-data==0.6.3
    # via ipython
starlette==0.41.3
    # via shiny
statsmodels==0.14.4
    # via ridgeplot
tenacity==9.0.0
    # via plotly
terminado==0.18.1
    # via jupyter-server
    # via jupyter-server-terminals
tinycss2==1.4.0
    # via nbconvert
tornado==6.4.1
    # via ipykernel
    # via jupyter-client
    # via jupyter-server
    # via jupyterlab
    # via notebook
    # via terminado
traitlets==5.14.3
    # via comm
    # via ipykernel
    # via ipython
    # via ipywidgets
    # via jupyter-client
    # via jupyter-console
    # via jupyter-core
    # via jupyter-events
    # via jupyter-server
    # via jupyterlab
    # via matplotlib-inline
    # via nbclient
    # via nbconvert
    # via nbformat
types-python-dateutil==2.9.0.20241003
    # via arrow
typing-extensions==4.12.2
    # via altair
    # via anywidget
    # via beautifulsoup4
    # via htmltools
    # via ridgeplot
    # via shiny
    # via shinylive
tzdata==2024.2
    # via pandas
uc-micro-py==1.0.3
    # via linkify-it-py
uri-template==1.3.0
    # via jsonschema
urllib3==2.2.3
    # via requests
uvicorn==0.32.0
    # via shiny
vega-datasets==0.9.0
vegafusion==2.0.0rc1
    # via jjpred
watchfiles==0.24.0
    # via shiny
wcwidth==0.2.13
    # via prompt-toolkit
webcolors==24.11.1
    # via jsonschema
webencodings==0.5.1
    # via bleach
    # via tinycss2
websocket-client==1.8.0
    # via jupyter-server
websockets==14.1
    # via shiny
widgetsnbextension==4.0.13
    # via ipywidgets
xlsxwriter==3.2.0
    # via jjpred
